
Microsoft Visual Studio Solution File, Format Version 12.00
# Visual Studio Version 17
VisualStudioVersion = 17.5.002.0
MinimumVisualStudioVersion = 10.0.40219.1
Project("{9A19103F-16F7-4668-BE54-9A1E7A4F7556}") = "backend", "backend.csproj", "{B5A363CB-E7C2-4628-A1B6-C5A443CBF4D1}"
EndProject
Global
	GlobalSection(SolutionConfigurationPlatforms) = preSolution
		Debug|Any CPU = Debug|Any CPU
		Release|Any CPU = Release|Any CPU
	EndGlobalSection
	GlobalSection(ProjectConfigurationPlatforms) = postSolution
		{B5A363CB-E7C2-4628-A1B6-C5A443CBF4D1}.Debug|Any CPU.ActiveCfg = Debug|Any CPU
		{B5A363CB-E7C2-4628-A1B6-C5A443CBF4D1}.Debug|Any CPU.Build.0 = Debug|Any CPU
		{B5A363CB-E7C2-4628-A1B6-C5A443CBF4D1}.Release|Any CPU.ActiveCfg = Release|Any CPU
		{B5A363CB-E7C2-4628-A1B6-C5A443CBF4D1}.Release|Any CPU.Build.0 = Release|Any CPU
	EndGlobalSection
	GlobalSection(SolutionProperties) = preSolution
		HideSolutionNode = FALSE
	EndGlobalSection
	GlobalSection(ExtensibilityGlobals) = postSolution
		SolutionGuid = {0160CCA0-C2F7-4CD4-B257-4BA7B7AACAF0}
	EndGlobalSection
EndGlobal
